# THIS IS AN AUTOGENERATED FILE. DO NOT EDIT THIS FILE DIRECTLY.
# yarn lockfile v1


commander@0.6.1:
  version "0.6.1"
  resolved "https://registry.yarnpkg.com/commander/-/commander-0.6.1.tgz#fa68a14f6a945d54dbbe50d8cdb3320e9e3b1a06"

debug@*:
  version "3.1.0"
  resolved "https://registry.yarnpkg.com/debug/-/debug-3.1.0.tgz#5bb5a0672628b64149566ba16819e61518c67261"
  dependencies:
    ms "2.0.0"

diff@1.0.2:
  version "1.0.2"
  resolved "https://registry.yarnpkg.com/diff/-/diff-1.0.2.tgz#4ae73f1aee8d6fcf484f1a1ce77ce651d9b7f0c9"

glob@3.2.1:
  version "3.2.1"
  resolved "https://registry.yarnpkg.com/glob/-/glob-3.2.1.tgz#57af70ec73ba2323bfe3f29a067765db64c5d758"
  dependencies:
    graceful-fs "~1.2.0"
    inherits "1"
    minimatch "~0.2.11"

graceful-fs@~1.2.0:
  version "1.2.3"
  resolved "https://registry.yarnpkg.com/graceful-fs/-/graceful-fs-1.2.3.tgz#15a4806a57547cb2d2dbf27f42e89a8c3451b364"

growl@1.7.x:
  version "1.7.0"
  resolved "https://registry.yarnpkg.com/growl/-/growl-1.7.0.tgz#de2d66136d002e112ba70f3f10c31cf7c350b2da"

iconv@~2.2.1:
  version "2.2.3"
  resolved "https://registry.yarnpkg.com/iconv/-/iconv-2.2.3.tgz#e084d60eeb7d73da7f0a9c096e4c8abe090bfaed"
  dependencies:
    nan "^2.3.5"

inherits@1:
  version "1.0.2"
  resolved "https://registry.yarnpkg.com/inherits/-/inherits-1.0.2.tgz#ca4309dadee6b54cc0b8d247e8d7c7a0975bdc9b"

irc-client@^0.0.2:
  version "0.0.2"
  resolved "https://registry.yarnpkg.com/irc-client/-/irc-client-0.0.2.tgz#e25dc0663bef43d6ac85a1677d8fc33a7d7e65b7"
  dependencies:
    irc-protocol "~0.1.1"

irc-colors@^1.1.0:
  version "1.4.0"
  resolved "https://registry.yarnpkg.com/irc-colors/-/irc-colors-1.4.0.tgz#6cb9f6ce6b14eacb7a6b7e516e7b95d773b8439b"

irc-protocol@~0.1.1:
  version "0.1.3"
  resolved "https://registry.yarnpkg.com/irc-protocol/-/irc-protocol-0.1.3.tgz#872c2c495826f5bfe508bef7f906b0ee45e9bdf7"
  dependencies:
    mocha "~1.10.0"

irc@^0.5.2:
  version "0.5.2"
  resolved "https://registry.yarnpkg.com/irc/-/irc-0.5.2.tgz#3714f4768365a96d0b2f776bc91166beb2464bbc"
  dependencies:
    irc-colors "^1.1.0"
  optionalDependencies:
    iconv "~2.2.1"
    node-icu-charset-detector "~0.2.0"

jade@0.26.3:
  version "0.26.3"
  resolved "https://registry.yarnpkg.com/jade/-/jade-0.26.3.tgz#8f10d7977d8d79f2f6ff862a81b0513ccb25686c"
  dependencies:
    commander "0.6.1"
    mkdirp "0.3.0"

lru-cache@2:
  version "2.7.3"
  resolved "https://registry.yarnpkg.com/lru-cache/-/lru-cache-2.7.3.tgz#6d4524e8b955f95d4f5b58851ce21dd72fb4e952"

minimatch@~0.2.11:
  version "0.2.14"
  resolved "https://registry.yarnpkg.com/minimatch/-/minimatch-0.2.14.tgz#c74e780574f63c6f9a090e90efbe6ef53a6a756a"
  dependencies:
    lru-cache "2"
    sigmund "~1.0.0"

mkdirp@0.3.0:
  version "0.3.0"
  resolved "https://registry.yarnpkg.com/mkdirp/-/mkdirp-0.3.0.tgz#1bbf5ab1ba827af23575143490426455f481fe1e"

mkdirp@0.3.3:
  version "0.3.3"
  resolved "https://registry.yarnpkg.com/mkdirp/-/mkdirp-0.3.3.tgz#595e251c1370c3a68bab2136d0e348b8105adf13"

mocha@~1.10.0:
  version "1.10.0"
  resolved "https://registry.yarnpkg.com/mocha/-/mocha-1.10.0.tgz#f16acc950ef9566fbf908bcfb6d5d0416c39d0da"
  dependencies:
    commander "0.6.1"
    debug "*"
    diff "1.0.2"
    glob "3.2.1"
    growl "1.7.x"
    jade "0.26.3"
    mkdirp "0.3.3"
    ms "0.3.0"

ms@0.3.0:
  version "0.3.0"
  resolved "https://registry.yarnpkg.com/ms/-/ms-0.3.0.tgz#03edc348d613e66a56486cfdac53bcbe899cbd61"

ms@2.0.0:
  version "2.0.0"
  resolved "https://registry.yarnpkg.com/ms/-/ms-2.0.0.tgz#5608aeadfc00be6c2901df5f9861788de0d597c8"

nan@^2.3.3, nan@^2.3.5:
  version "2.8.0"
  resolved "https://registry.yarnpkg.com/nan/-/nan-2.8.0.tgz#ed715f3fe9de02b57a5e6252d90a96675e1f085a"

node-icu-charset-detector@~0.2.0:
  version "0.2.0"
  resolved "https://registry.yarnpkg.com/node-icu-charset-detector/-/node-icu-charset-detector-0.2.0.tgz#c2320da374ddcb671fc54cb4a0e041e156ffd639"
  dependencies:
    nan "^2.3.3"

node-irc@^0.0.4:
  version "0.0.4"
  resolved "https://registry.yarnpkg.com/node-irc/-/node-irc-0.0.4.tgz#b0f0b69cac56979e57895a6885bca4e91c7a9e2c"

sigmund@~1.0.0:
  version "1.0.1"
  resolved "https://registry.yarnpkg.com/sigmund/-/sigmund-1.0.1.tgz#3ff21f198cad2175f9f3b781853fd94d0d19b590"
