# THIS IS AN AUTOGENERATED FILE. DO NOT EDIT THIS FILE DIRECTLY.
# yarn lockfile v1


core.arity@^1.0.0:
  version "1.0.0"
  resolved "https://registry.yarnpkg.com/core.arity/-/core.arity-1.0.0.tgz#5d4c9dd2087bf9d9fc9b7fc2591ab5e02722d28f"

core.lambda@^1.0.0:
  version "1.0.0"
  resolved "https://registry.yarnpkg.com/core.lambda/-/core.lambda-1.0.0.tgz#1260b257d48b6f830c060bf1fce567669f4d1d35"

csv-generate@^0.0.6:
  version "0.0.6"
  resolved "https://registry.yarnpkg.com/csv-generate/-/csv-generate-0.0.6.tgz#97e4e63ae46b21912cd9475bc31469d26f5ade66"

csv-generate@^2.0.0:
  version "2.0.0"
  resolved "https://registry.yarnpkg.com/csv-generate/-/csv-generate-2.0.0.tgz#ab4fdc30db5ce678b07d53884c69fa545618b25c"

csv-parse@^1.0.0:
  version "1.3.3"
  resolved "https://registry.yarnpkg.com/csv-parse/-/csv-parse-1.3.3.tgz#d1cfd8743c2f849a0abb2fd544db56695d19a490"

csv-parse@^2.0.0:
  version "2.0.0"
  resolved "https://registry.yarnpkg.com/csv-parse/-/csv-parse-2.0.0.tgz#4ea22c973233987f07688c601a2d460234ff56d1"

csv-stringify@^0.0.8:
  version "0.0.8"
  resolved "https://registry.yarnpkg.com/csv-stringify/-/csv-stringify-0.0.8.tgz#52cc3b3dfc197758c55ad325a95be85071f9e51b"

csv-stringify@^2.0.0:
  version "2.0.0"
  resolved "https://registry.yarnpkg.com/csv-stringify/-/csv-stringify-2.0.0.tgz#927bb55fd1408205ce444d2880184627b24b64f1"
  dependencies:
    lodash.get "~4.4.2"

csv@>=0.4.0:
  version "2.0.0"
  resolved "https://registry.yarnpkg.com/csv/-/csv-2.0.0.tgz#0d51d8fa3ece278b5409f795717fcfcd5ace9b3e"
  dependencies:
    csv-generate "^2.0.0"
    csv-parse "^2.0.0"
    csv-stringify "^2.0.0"
    stream-transform "^1.0.0"

csv@^0.4.2:
  version "0.4.6"
  resolved "https://registry.yarnpkg.com/csv/-/csv-0.4.6.tgz#8dbae7ddfdbaae62c1ea987c3e0f8a9ac737b73d"
  dependencies:
    csv-generate "^0.0.6"
    csv-parse "^1.0.0"
    csv-stringify "^0.0.8"
    stream-transform "^0.1.0"

data.task@^3.0.0:
  version "3.1.1"
  resolved "https://registry.yarnpkg.com/data.task/-/data.task-3.1.1.tgz#e985f5bedadd926b2d63c1a5d2076cff917a52ad"

lodash.get@~4.4.2:
  version "4.4.2"
  resolved "https://registry.yarnpkg.com/lodash.get/-/lodash.get-4.4.2.tgz#2d177f652fa31e939b4438d5341499dfa3825e99"

ms-task@^1.1.0:
  version "1.1.0"
  resolved "https://registry.yarnpkg.com/ms-task/-/ms-task-1.1.0.tgz#4fcdba2d856f9d87c34aa2a3b707c220495240b2"
  dependencies:
    csv ">=0.4.0"

stream-transform@^0.1.0:
  version "0.1.2"
  resolved "https://registry.yarnpkg.com/stream-transform/-/stream-transform-0.1.2.tgz#7d8e6b4e03ac4781778f8c79517501bfb0762a9f"

stream-transform@^1.0.0:
  version "1.0.0"
  resolved "https://registry.yarnpkg.com/stream-transform/-/stream-transform-1.0.0.tgz#d4ef386913d6ec102052bc75fc0516947a961f10"

xps@^1.0.2:
  version "1.0.2"
  resolved "https://registry.yarnpkg.com/xps/-/xps-1.0.2.tgz#eba9f699f1fe2ae5577fdf0db1c68dfad46e7648"
  dependencies:
    core.arity "^1.0.0"
    core.lambda "^1.0.0"
    csv "^0.4.2"
    data.task "^3.0.0"
    ms-task "^1.1.0"
